# THIS IS AN AUTOGENERATED FILE. DO NOT EDIT THIS FILE DIRECTLY.
# yarn lockfile v1


"@types/w3c-web-usb@1.0.6":
  version "1.0.6"
  resolved "https://registry.yarnpkg.com/@types/w3c-web-usb/-/w3c-web-usb-1.0.6.tgz#5d8560d0d9f585ffc80865bc773db7bc975b680c"
  integrity sha512-cSjhgrr8g4KbPnnijAr/KJDNKa/bBa+ixYkywFRvrhvi9n1WEl7yYbtRyzE6jqNQiSxxJxoAW3STaOQwJHndaw==

node-addon-api@^4.2.0:
  version "4.3.0"
  resolved "https://registry.yarnpkg.com/node-addon-api/-/node-addon-api-4.3.0.tgz#52a1a0b475193e0928e98e0426a0d1254782b77f"
  integrity sha512-73sE9+3UaLYYFmDsFZnqCInzPyh3MqIwZO9cw58yIqAZhONrrabrYyYe3TuIqtIiOuTXVhsGau8hcrhhwSsDIQ==

node-gyp-build@^4.3.0:
  version "4.3.0"
  resolved "https://registry.yarnpkg.com/node-gyp-build/-/node-gyp-build-4.3.0.tgz#9f256b03e5826150be39c764bf51e993946d71a3"
  integrity sha512-iWjXZvmboq0ja1pUGULQBexmxq8CV4xBhX7VDOTbL7ZR4FOowwY/VOtRxBN/yKxmdGoIp4j5ysNT4u3S2pDQ3Q==

usb@^2.2.0:
  version "2.2.0"
  resolved "https://registry.yarnpkg.com/usb/-/usb-2.2.0.tgz#d36f5d59f4749d23b909071ce9ede27c3b55087f"
  integrity sha512-t5ael9c4BaZfP1LsBx8XPz4xDGGXvEVmCUyzmeXPwyUyPZrETwOWyPykJUXJpGXga46fI+kBcZZ9AYYdqhpcHA==
  dependencies:
    "@types/w3c-web-usb" "1.0.6"
    node-addon-api "^4.2.0"
    node-gyp-build "^4.3.0"
